
Microsoft Visual Studio Solution File, Format Version 12.00
# Visual Studio Version 16
VisualStudioVersion = 16.0.29920.165
MinimumVisualStudioVersion = 10.0.40219.1
Project("{FAE04EC0-301F-11D3-BF4B-00C04F79EFBC}") = "cjisAPI", "cjisAPI\cjisAPI.csproj", "{C35C147D-8CA2-43AC-88C8-5EF5B3A91B51}"
EndProject
Global
	GlobalSection(SolutionConfigurationPlatforms) = preSolution
		Debug|Any CPU = Debug|Any CPU
		Release|Any CPU = Release|Any CPU
	EndGlobalSection
	GlobalSection(ProjectConfigurationPlatforms) = postSolution
		{C35C147D-8CA2-43AC-88C8-5EF5B3A91B51}.Debug|Any CPU.ActiveCfg = Debug|Any CPU
		{C35C147D-8CA2-43AC-88C8-5EF5B3A91B51}.Debug|Any CPU.Build.0 = Debug|Any CPU
		{C35C147D-8CA2-43AC-88C8-5EF5B3A91B51}.Release|Any CPU.ActiveCfg = Release|Any CPU
		{C35C147D-8CA2-43AC-88C8-5EF5B3A91B51}.Release|Any CPU.Build.0 = Release|Any CPU
	EndGlobalSection
	GlobalSection(SolutionProperties) = preSolution
		HideSolutionNode = FALSE
	EndGlobalSection
	GlobalSection(ExtensibilityGlobals) = postSolution
		SolutionGuid = {D6649F83-9980-4608-8554-A3818C0B91DD}
	EndGlobalSection
EndGlobal
